// !$*UTF8*$!
{
	archiveVersion = 1;
	classes = {
	};
	objectVersion = 48;
	objects = {

/* Begin PBXBuildFile section */
		46B83C84F9E823295F5ABA73 /* Pods_DemandDriver_Driver.framework in Frameworks */ = {isa = PBXBuildFile; fileRef = E615927D310F8BA34371FC5E /* Pods_DemandDriver_Driver.framework */; };
		757803013B282F0E2D50A63C /* Pods_DemandDriver_DriverUITests.framework in Frameworks */ = {isa = PBXBuildFile; fileRef = FB5FDD182B616CCF4452F1BD /* Pods_DemandDriver_DriverUITests.framework */; };
		AE39F37420637B9F00B49BDD /* login.storyboard in Resources */ = {isa = PBXBuildFile; fileRef = AE39F37320637B9F00B49BDD /* login.storyboard */; };
		AE39F37620639F0900B49BDD /* NewLogin.swift in Sources */ = {isa = PBXBuildFile; fileRef = AE39F37520639F0900B49BDD /* NewLogin.swift */; };
		AE39F37E2063A93200B49BDD /* GoogleService-Info.plist in Resources */ = {isa = PBXBuildFile; fileRef = AE39F37D2063A93200B49BDD /* GoogleService-Info.plist */; };
		AE39F3812063AE9800B49BDD /* Otp.swift in Sources */ = {isa = PBXBuildFile; fileRef = AE39F3802063AE9800B49BDD /* Otp.swift */; };
		AEB31B9120636A2C007051D5 /* AppDelegate.swift in Sources */ = {isa = PBXBuildFile; fileRef = AEB31B9020636A2C007051D5 /* AppDelegate.swift */; };
		AEB31B9320636A2C007051D5 /* ViewController.swift in Sources */ = {isa = PBXBuildFile; fileRef = AEB31B9220636A2C007051D5 /* ViewController.swift */; };
		AEB31B9620636A2C007051D5 /* Main.storyboard in Resources */ = {isa = PBXBuildFile; fileRef = AEB31B9420636A2C007051D5 /* Main.storyboard */; };
		AEB31B9820636A2C007051D5 /* Assets.xcassets in Resources */ = {isa = PBXBuildFile; fileRef = AEB31B9720636A2C007051D5 /* Assets.xcassets */; };
		AEB31B9B20636A2C007051D5 /* LaunchScreen.storyboard in Resources */ = {isa = PBXBuildFile; fileRef = AEB31B9920636A2C007051D5 /* LaunchScreen.storyboard */; };
		AEB31BA620636A2C007051D5 /* DemandDriver_DriverTests.swift in Sources */ = {isa = PBXBuildFile; fileRef = AEB31BA520636A2C007051D5 /* DemandDriver_DriverTests.swift */; };
		AEB31BB120636A2C007051D5 /* DemandDriver_DriverUITests.swift in Sources */ = {isa = PBXBuildFile; fileRef = AEB31BB020636A2C007051D5 /* DemandDriver_DriverUITests.swift */; };
		B6E0A32DF5BFB42755457435 /* Pods_DemandDriver_DriverTests.framework in Frameworks */ = {isa = PBXBuildFile; fileRef = 57D658F9BE6284BF38DCD66A /* Pods_DemandDriver_DriverTests.framework */; };
/* End PBXBuildFile section */

/* Begin PBXContainerItemProxy section */
		AEB31BA220636A2C007051D5 /* PBXContainerItemProxy */ = {
			isa = PBXContainerItemProxy;
			containerPortal = AEB31B8520636A2B007051D5 /* Project object */;
			proxyType = 1;
			remoteGlobalIDString = AEB31B8C20636A2C007051D5;
			remoteInfo = "DemandDriver-Driver";
		};
		AEB31BAD20636A2C007051D5 /* PBXContainerItemProxy */ = {
			isa = PBXContainerItemProxy;
			containerPortal = AEB31B8520636A2B007051D5 /* Project object */;
			proxyType = 1;
			remoteGlobalIDString = AEB31B8C20636A2C007051D5;
			remoteInfo = "DemandDriver-Driver";
		};
/* End PBXContainerItemProxy section */

/* Begin PBXFileReference section */
		30B2F3370DE0DA248EAFBC75 /* Pods-DemandDriver-Driver.debug.xcconfig */ = {isa = PBXFileReference; includeInIndex = 1; lastKnownFileType = text.xcconfig; name = "Pods-DemandDriver-Driver.debug.xcconfig"; path = "Pods/Target Support Files/Pods-DemandDriver-Driver/Pods-DemandDriver-Driver.debug.xcconfig"; sourceTree = "<group>"; };
		57D658F9BE6284BF38DCD66A /* Pods_DemandDriver_DriverTests.framework */ = {isa = PBXFileReference; explicitFileType = wrapper.framework; includeInIndex = 0; path = Pods_DemandDriver_DriverTests.framework; sourceTree = BUILT_PRODUCTS_DIR; };
		6F29186F20413945DA0D357E /* Pods-DemandDriver-DriverUITests.release.xcconfig */ = {isa = PBXFileReference; includeInIndex = 1; lastKnownFileType = text.xcconfig; name = "Pods-DemandDriver-DriverUITests.release.xcconfig"; path = "Pods/Target Support Files/Pods-DemandDriver-DriverUITests/Pods-DemandDriver-DriverUITests.release.xcconfig"; sourceTree = "<group>"; };
		794E3CD493ED0A692F8080A7 /* Pods-DemandDriver-DriverTests.debug.xcconfig */ = {isa = PBXFileReference; includeInIndex = 1; lastKnownFileType = text.xcconfig; name = "Pods-DemandDriver-DriverTests.debug.xcconfig"; path = "Pods/Target Support Files/Pods-DemandDriver-DriverTests/Pods-DemandDriver-DriverTests.debug.xcconfig"; sourceTree = "<group>"; };
		AE39F37320637B9F00B49BDD /* login.storyboard */ = {isa = PBXFileReference; lastKnownFileType = file.storyboard; path = login.storyboard; sourceTree = "<group>"; };
		AE39F37520639F0900B49BDD /* NewLogin.swift */ = {isa = PBXFileReference; lastKnownFileType = sourcecode.swift; path = NewLogin.swift; sourceTree = "<group>"; };
		AE39F37D2063A93200B49BDD /* GoogleService-Info.plist */ = {isa = PBXFileReference; fileEncoding = 4; lastKnownFileType = text.plist.xml; name = "GoogleService-Info.plist"; path = "../../../../Volumes/Drive E/GoogleService-Info.plist"; sourceTree = "<group>"; };
		AE39F3802063AE9800B49BDD /* Otp.swift */ = {isa = PBXFileReference; lastKnownFileType = sourcecode.swift; path = Otp.swift; sourceTree = "<group>"; };
		AE39F3822063B63A00B49BDD /* DemandDriver-Driver.entitlements */ = {isa = PBXFileReference; lastKnownFileType = text.plist.entitlements; path = "DemandDriver-Driver.entitlements"; sourceTree = "<group>"; };
		AEB31B8D20636A2C007051D5 /* DemandDriver-Driver.app */ = {isa = PBXFileReference; explicitFileType = wrapper.application; includeInIndex = 0; path = "DemandDriver-Driver.app"; sourceTree = BUILT_PRODUCTS_DIR; };
		AEB31B9020636A2C007051D5 /* AppDelegate.swift */ = {isa = PBXFileReference; lastKnownFileType = sourcecode.swift; path = AppDelegate.swift; sourceTree = "<group>"; };
		AEB31B9220636A2C007051D5 /* ViewController.swift */ = {isa = PBXFileReference; lastKnownFileType = sourcecode.swift; path = ViewController.swift; sourceTree = "<group>"; };
		AEB31B9520636A2C007051D5 /* Base */ = {isa = PBXFileReference; lastKnownFileType = file.storyboard; name = Base; path = Base.lproj/Main.storyboard; sourceTree = "<group>"; };
		AEB31B9720636A2C007051D5 /* Assets.xcassets */ = {isa = PBXFileReference; lastKnownFileType = folder.assetcatalog; path = Assets.xcassets; sourceTree = "<group>"; };
		AEB31B9A20636A2C007051D5 /* Base */ = {isa = PBXFileReference; lastKnownFileType = file.storyboard; name = Base; path = Base.lproj/LaunchScreen.storyboard; sourceTree = "<group>"; };
		AEB31B9C20636A2C007051D5 /* Info.plist */ = {isa = PBXFileReference; lastKnownFileType = text.plist.xml; path = Info.plist; sourceTree = "<group>"; };
		AEB31BA120636A2C007051D5 /* DemandDriver-DriverTests.xctest */ = {isa = PBXFileReference; explicitFileType = wrapper.cfbundle; includeInIndex = 0; path = "DemandDriver-DriverTests.xctest"; sourceTree = BUILT_PRODUCTS_DIR; };
		AEB31BA520636A2C007051D5 /* DemandDriver_DriverTests.swift */ = {isa = PBXFileReference; lastKnownFileType = sourcecode.swift; path = DemandDriver_DriverTests.swift; sourceTree = "<group>"; };
		AEB31BA720636A2C007051D5 /* Info.plist */ = {isa = PBXFileReference; lastKnownFileType = text.plist.xml; path = Info.plist; sourceTree = "<group>"; };
		AEB31BAC20636A2C007051D5 /* DemandDriver-DriverUITests.xctest */ = {isa = PBXFileReference; explicitFileType = wrapper.cfbundle; includeInIndex = 0; path = "DemandDriver-DriverUITests.xctest"; sourceTree = BUILT_PRODUCTS_DIR; };
		AEB31BB020636A2C007051D5 /* DemandDriver_DriverUITests.swift */ = {isa = PBXFileReference; lastKnownFileType = sourcecode.swift; path = DemandDriver_DriverUITests.swift; sourceTree = "<group>"; };
		AEB31BB220636A2C007051D5 /* Info.plist */ = {isa = PBXFileReference; lastKnownFileType = text.plist.xml; path = Info.plist; sourceTree = "<group>"; };
		C7E10E2E717A4EAE1288BEAE /* Pods-DemandDriver-DriverTests.release.xcconfig */ = {isa = PBXFileReference; includeInIndex = 1; lastKnownFileType = text.xcconfig; name = "Pods-DemandDriver-DriverTests.release.xcconfig"; path = "Pods/Target Support Files/Pods-DemandDriver-DriverTests/Pods-DemandDriver-DriverTests.release.xcconfig"; sourceTree = "<group>"; };
		CA4B804BF83AAFB12564C6F9 /* Pods-DemandDriver-DriverUITests.debug.xcconfig */ = {isa = PBXFileReference; includeInIndex = 1; lastKnownFileType = text.xcconfig; name = "Pods-DemandDriver-DriverUITests.debug.xcconfig"; path = "Pods/Target Support Files/Pods-DemandDriver-DriverUITests/Pods-DemandDriver-DriverUITests.debug.xcconfig"; sourceTree = "<group>"; };
		D48AE68A559B3983D2C4DA98 /* Pods-DemandDriver-Driver.release.xcconfig */ = {isa = PBXFileReference; includeInIndex = 1; lastKnownFileType = text.xcconfig; name = "Pods-DemandDriver-Driver.release.xcconfig"; path = "Pods/Target Support Files/Pods-DemandDriver-Driver/Pods-DemandDriver-Driver.release.xcconfig"; sourceTree = "<group>"; };
		E615927D310F8BA34371FC5E /* Pods_DemandDriver_Driver.framework */ = {isa = PBXFileReference; explicitFileType = wrapper.framework; includeInIndex = 0; path = Pods_DemandDriver_Driver.framework; sourceTree = BUILT_PRODUCTS_DIR; };
		FB5FDD182B616CCF4452F1BD /* Pods_DemandDriver_DriverUITests.framework */ = {isa = PBXFileReference; explicitFileType = wrapper.framework; includeInIndex = 0; path = Pods_DemandDriver_DriverUITests.framework; sourceTree = BUILT_PRODUCTS_DIR; };
/* End PBXFileReference section */

/* Begin PBXFrameworksBuildPhase section */
		AEB31B8A20636A2C007051D5 /* Frameworks */ = {
			isa = PBXFrameworksBuildPhase;
			buildActionMask = 2147483647;
			files = (
				46B83C84F9E823295F5ABA73 /* Pods_DemandDriver_Driver.framework in Frameworks */,
			);
			runOnlyForDeploymentPostprocessing = 0;
		};
		AEB31B9E20636A2C007051D5 /* Frameworks */ = {
			isa = PBXFrameworksBuildPhase;
			buildActionMask = 2147483647;
			files = (
				B6E0A32DF5BFB42755457435 /* Pods_DemandDriver_DriverTests.framework in Frameworks */,
			);
			runOnlyForDeploymentPostprocessing = 0;
		};
		AEB31BA920636A2C007051D5 /* Frameworks */ = {
			isa = PBXFrameworksBuildPhase;
			buildActionMask = 2147483647;
			files = (
				757803013B282F0E2D50A63C /* Pods_DemandDriver_DriverUITests.framework in Frameworks */,
			);
			runOnlyForDeploymentPostprocessing = 0;
		};
/* End PBXFrameworksBuildPhase section */

/* Begin PBXGroup section */
		97845B1BC2827273B488A30C /* Pods */ = {
			isa = PBXGroup;
			children = (
				30B2F3370DE0DA248EAFBC75 /* Pods-DemandDriver-Driver.debug.xcconfig */,
				D48AE68A559B3983D2C4DA98 /* Pods-DemandDriver-Driver.release.xcconfig */,
				794E3CD493ED0A692F8080A7 /* Pods-DemandDriver-DriverTests.debug.xcconfig */,
				C7E10E2E717A4EAE1288BEAE /* Pods-DemandDriver-DriverTests.release.xcconfig */,
				CA4B804BF83AAFB12564C6F9 /* Pods-DemandDriver-DriverUITests.debug.xcconfig */,
				6F29186F20413945DA0D357E /* Pods-DemandDriver-DriverUITests.release.xcconfig */,
			);
			name = Pods;
			sourceTree = "<group>";
		};
		AA99A74E0C87E32D2549C5D1 /* Frameworks */ = {
			isa = PBXGroup;
			children = (
				E615927D310F8BA34371FC5E /* Pods_DemandDriver_Driver.framework */,
				57D658F9BE6284BF38DCD66A /* Pods_DemandDriver_DriverTests.framework */,
				FB5FDD182B616CCF4452F1BD /* Pods_DemandDriver_DriverUITests.framework */,
			);
			name = Frameworks;
			sourceTree = "<group>";
		};
		AE39F37F2063AE6F00B49BDD /* Controllers */ = {
			isa = PBXGroup;
			children = (
			);
			path = Controllers;
			sourceTree = "<group>";
		};
		AEB31B8420636A2B007051D5 = {
			isa = PBXGroup;
			children = (
				AEB31B8F20636A2C007051D5 /* DemandDriver-Driver */,
				AEB31BA420636A2C007051D5 /* DemandDriver-DriverTests */,
				AEB31BAF20636A2C007051D5 /* DemandDriver-DriverUITests */,
				AEB31B8E20636A2C007051D5 /* Products */,
				97845B1BC2827273B488A30C /* Pods */,
				AA99A74E0C87E32D2549C5D1 /* Frameworks */,
			);
			sourceTree = "<group>";
		};
		AEB31B8E20636A2C007051D5 /* Products */ = {
			isa = PBXGroup;
			children = (
				AEB31B8D20636A2C007051D5 /* DemandDriver-Driver.app */,
				AEB31BA120636A2C007051D5 /* DemandDriver-DriverTests.xctest */,
				AEB31BAC20636A2C007051D5 /* DemandDriver-DriverUITests.xctest */,
			);
			name = Products;
			sourceTree = "<group>";
		};
		AEB31B8F20636A2C007051D5 /* DemandDriver-Driver */ = {
			isa = PBXGroup;
			children = (
				AE39F3822063B63A00B49BDD /* DemandDriver-Driver.entitlements */,
				AE39F37F2063AE6F00B49BDD /* Controllers */,
				AEB31B9020636A2C007051D5 /* AppDelegate.swift */,
				AEB31B9220636A2C007051D5 /* ViewController.swift */,
				AE39F37520639F0900B49BDD /* NewLogin.swift */,
				AE39F3802063AE9800B49BDD /* Otp.swift */,
				AEB31B9720636A2C007051D5 /* Assets.xcassets */,
				AEB31B9920636A2C007051D5 /* LaunchScreen.storyboard */,
				AEB31B9C20636A2C007051D5 /* Info.plist */,
				AE39F37D2063A93200B49BDD /* GoogleService-Info.plist */,
				AEB31B9420636A2C007051D5 /* Main.storyboard */,
				AE39F37320637B9F00B49BDD /* login.storyboard */,
			);
			path = "DemandDriver-Driver";
			sourceTree = "<group>";
		};
		AEB31BA420636A2C007051D5 /* DemandDriver-DriverTests */ = {
			isa = PBXGroup;
			children = (
				AEB31BA520636A2C007051D5 /* DemandDriver_DriverTests.swift */,
				AEB31BA720636A2C007051D5 /* Info.plist */,
			);
			path = "DemandDriver-DriverTests";
			sourceTree = "<group>";
		};
		AEB31BAF20636A2C007051D5 /* DemandDriver-DriverUITests */ = {
			isa = PBXGroup;
			children = (
				AEB31BB020636A2C007051D5 /* DemandDriver_DriverUITests.swift */,
				AEB31BB220636A2C007051D5 /* Info.plist */,
			);
			path = "DemandDriver-DriverUITests";
			sourceTree = "<group>";
		};
/* End PBXGroup section */

/* Begin PBXNativeTarget section */
		AEB31B8C20636A2C007051D5 /* DemandDriver-Driver */ = {
			isa = PBXNativeTarget;
			buildConfigurationList = AEB31BB520636A2C007051D5 /* Build configuration list for PBXNativeTarget "DemandDriver-Driver" */;
			buildPhases = (
				6689BAB5F62F298408C906C5 /* [CP] Check Pods Manifest.lock */,
				AEB31B8920636A2C007051D5 /* Sources */,
				AEB31B8A20636A2C007051D5 /* Frameworks */,
				AEB31B8B20636A2C007051D5 /* Resources */,
				5119FB79ACE4C549D65FCFDF /* [CP] Embed Pods Frameworks */,
				A43D20CB078905D16E7C0568 /* [CP] Copy Pods Resources */,
			);
			buildRules = (
			);
			dependencies = (
			);
			name = "DemandDriver-Driver";
			productName = "DemandDriver-Driver";
			productReference = AEB31B8D20636A2C007051D5 /* DemandDriver-Driver.app */;
			productType = "com.apple.product-type.application";
		};
		AEB31BA020636A2C007051D5 /* DemandDriver-DriverTests */ = {
			isa = PBXNativeTarget;
			buildConfigurationList = AEB31BB820636A2C007051D5 /* Build configuration list for PBXNativeTarget "DemandDriver-DriverTests" */;
			buildPhases = (
				C0840B2E13DC1A0CBCA5BF1C /* [CP] Check Pods Manifest.lock */,
				AEB31B9D20636A2C007051D5 /* Sources */,
				AEB31B9E20636A2C007051D5 /* Frameworks */,
				AEB31B9F20636A2C007051D5 /* Resources */,
				D5FDDFAF1A59A81C731ABE8A /* [CP] Embed Pods Frameworks */,
				64609A0ABD488854FA14045B /* [CP] Copy Pods Resources */,
			);
			buildRules = (
			);
			dependencies = (
				AEB31BA320636A2C007051D5 /* PBXTargetDependency */,
			);
			name = "DemandDriver-DriverTests";
			productName = "DemandDriver-DriverTests";
			productReference = AEB31BA120636A2C007051D5 /* DemandDriver-DriverTests.xctest */;
			productType = "com.apple.product-type.bundle.unit-test";
		};
		AEB31BAB20636A2C007051D5 /* DemandDriver-DriverUITests */ = {
			isa = PBXNativeTarget;
			buildConfigurationList = AEB31BBB20636A2C007051D5 /* Build configuration list for PBXNativeTarget "DemandDriver-DriverUITests" */;
			buildPhases = (
				95340ED4DE210B4BD8A982D3 /* [CP] Check Pods Manifest.lock */,
				AEB31BA820636A2C007051D5 /* Sources */,
				AEB31BA920636A2C007051D5 /* Frameworks */,
				AEB31BAA20636A2C007051D5 /* Resources */,
				890CB4F3DBB431F7595BA1AE /* [CP] Embed Pods Frameworks */,
				615CC015183A6EF15CAFFCCA /* [CP] Copy Pods Resources */,
			);
			buildRules = (
			);
			dependencies = (
				AEB31BAE20636A2C007051D5 /* PBXTargetDependency */,
			);
			name = "DemandDriver-DriverUITests";
			productName = "DemandDriver-DriverUITests";
			productReference = AEB31BAC20636A2C007051D5 /* DemandDriver-DriverUITests.xctest */;
			productType = "com.apple.product-type.bundle.ui-testing";
		};
/* End PBXNativeTarget section */

/* Begin PBXProject section */
		AEB31B8520636A2B007051D5 /* Project object */ = {
			isa = PBXProject;
			attributes = {
				LastSwiftUpdateCheck = 0920;
				LastUpgradeCheck = 0920;
				ORGANIZATIONNAME = CZSM2;
				TargetAttributes = {
					AEB31B8C20636A2C007051D5 = {
						CreatedOnToolsVersion = 9.2;
						ProvisioningStyle = Automatic;
						SystemCapabilities = {
							com.apple.Push = {
								enabled = 1;
							};
						};
					};
					AEB31BA020636A2C007051D5 = {
						CreatedOnToolsVersion = 9.2;
						ProvisioningStyle = Automatic;
						TestTargetID = AEB31B8C20636A2C007051D5;
					};
					AEB31BAB20636A2C007051D5 = {
						CreatedOnToolsVersion = 9.2;
						ProvisioningStyle = Automatic;
						TestTargetID = AEB31B8C20636A2C007051D5;
					};
				};
			};
			buildConfigurationList = AEB31B8820636A2B007051D5 /* Build configuration list for PBXProject "DemandDriver-Driver" */;
			compatibilityVersion = "Xcode 8.0";
			developmentRegion = en;
			hasScannedForEncodings = 0;
			knownRegions = (
				en,
				Base,
			);
			mainGroup = AEB31B8420636A2B007051D5;
			productRefGroup = AEB31B8E20636A2C007051D5 /* Products */;
			projectDirPath = "";
			projectRoot = "";
			targets = (
				AEB31B8C20636A2C007051D5 /* DemandDriver-Driver */,
				AEB31BA020636A2C007051D5 /* DemandDriver-DriverTests */,
				AEB31BAB20636A2C007051D5 /* DemandDriver-DriverUITests */,
			);
		};
/* End PBXProject section */

/* Begin PBXResourcesBuildPhase section */
		AEB31B8B20636A2C007051D5 /* Resources */ = {
			isa = PBXResourcesBuildPhase;
			buildActionMask = 2147483647;
			files = (
				AE39F37E2063A93200B49BDD /* GoogleService-Info.plist in Resources */,
				AE39F37420637B9F00B49BDD /* login.storyboard in Resources */,
				AEB31B9B20636A2C007051D5 /* LaunchScreen.storyboard in Resources */,
				AEB31B9820636A2C007051D5 /* Assets.xcassets in Resources */,
				AEB31B9620636A2C007051D5 /* Main.storyboard in Resources */,
			);
			runOnlyForDeploymentPostprocessing = 0;
		};
		AEB31B9F20636A2C007051D5 /* Resources */ = {
			isa = PBXResourcesBuildPhase;
			buildActionMask = 2147483647;
			files = (
			);
			runOnlyForDeploymentPostprocessing = 0;
		};
		AEB31BAA20636A2C007051D5 /* Resources */ = {
			isa = PBXResourcesBuildPhase;
			buildActionMask = 2147483647;
			files = (
			);
			runOnlyForDeploymentPostprocessing = 0;
		};
/* End PBXResourcesBuildPhase section */

/* Begin PBXShellScriptBuildPhase section */
		5119FB79ACE4C549D65FCFDF /* [CP] Embed Pods Frameworks */ = {
			isa = PBXShellScriptBuildPhase;
			buildActionMask = 2147483647;
			files = (
			);
			inputPaths = (
				"${SRCROOT}/Pods/Target Support Files/Pods-DemandDriver-Driver/Pods-DemandDriver-Driver-frameworks.sh",
				"${BUILT_PRODUCTS_DIR}/BoringSSL/openssl.framework",
				"${BUILT_PRODUCTS_DIR}/GTMSessionFetcher/GTMSessionFetcher.framework",
				"${BUILT_PRODUCTS_DIR}/GoogleToolboxForMac/GoogleToolboxForMac.framework",
				"${BUILT_PRODUCTS_DIR}/Protobuf/Protobuf.framework",
				"${BUILT_PRODUCTS_DIR}/gRPC/GRPCClient.framework",
				"${BUILT_PRODUCTS_DIR}/gRPC-Core/grpc.framework",
				"${BUILT_PRODUCTS_DIR}/gRPC-ProtoRPC/ProtoRPC.framework",
				"${BUILT_PRODUCTS_DIR}/gRPC-RxLibrary/RxLibrary.framework",
				"${BUILT_PRODUCTS_DIR}/leveldb-library/leveldb.framework",
				"${BUILT_PRODUCTS_DIR}/nanopb/nanopb.framework",
			);
			name = "[CP] Embed Pods Frameworks";
			outputPaths = (
				"${TARGET_BUILD_DIR}/${FRAMEWORKS_FOLDER_PATH}/openssl.framework",
				"${TARGET_BUILD_DIR}/${FRAMEWORKS_FOLDER_PATH}/GTMSessionFetcher.framework",
				"${TARGET_BUILD_DIR}/${FRAMEWORKS_FOLDER_PATH}/GoogleToolboxForMac.framework",
				"${TARGET_BUILD_DIR}/${FRAMEWORKS_FOLDER_PATH}/Protobuf.framework",
				"${TARGET_BUILD_DIR}/${FRAMEWORKS_FOLDER_PATH}/GRPCClient.framework",
				"${TARGET_BUILD_DIR}/${FRAMEWORKS_FOLDER_PATH}/grpc.framework",
				"${TARGET_BUILD_DIR}/${FRAMEWORKS_FOLDER_PATH}/ProtoRPC.framework",
				"${TARGET_BUILD_DIR}/${FRAMEWORKS_FOLDER_PATH}/RxLibrary.framework",
				"${TARGET_BUILD_DIR}/${FRAMEWORKS_FOLDER_PATH}/leveldb.framework",
				"${TARGET_BUILD_DIR}/${FRAMEWORKS_FOLDER_PATH}/nanopb.framework",
			);
			runOnlyForDeploymentPostprocessing = 0;
			shellPath = /bin/sh;
			shellScript = "\"${SRCROOT}/Pods/Target Support Files/Pods-DemandDriver-Driver/Pods-DemandDriver-Driver-frameworks.sh\"\n";
			showEnvVarsInLog = 0;
		};
		615CC015183A6EF15CAFFCCA /* [CP] Copy Pods Resources */ = {
			isa = PBXShellScriptBuildPhase;
			buildActionMask = 2147483647;
			files = (
			);
			inputPaths = (
			);
			name = "[CP] Copy Pods Resources";
			outputPaths = (
			);
			runOnlyForDeploymentPostprocessing = 0;
			shellPath = /bin/sh;
			shellScript = "\"${SRCROOT}/Pods/Target Support Files/Pods-DemandDriver-DriverUITests/Pods-DemandDriver-DriverUITests-resources.sh\"\n";
			showEnvVarsInLog = 0;
		};
		64609A0ABD488854FA14045B /* [CP] Copy Pods Resources */ = {
			isa = PBXShellScriptBuildPhase;
			buildActionMask = 2147483647;
			files = (
			);
			inputPaths = (
			);
			name = "[CP] Copy Pods Resources";
			outputPaths = (
			);
			runOnlyForDeploymentPostprocessing = 0;
			shellPath = /bin/sh;
			shellScript = "\"${SRCROOT}/Pods/Target Support Files/Pods-DemandDriver-DriverTests/Pods-DemandDriver-DriverTests-resources.sh\"\n";
			showEnvVarsInLog = 0;
		};
		6689BAB5F62F298408C906C5 /* [CP] Check Pods Manifest.lock */ = {
			isa = PBXShellScriptBuildPhase;
			buildActionMask = 2147483647;
			files = (
			);
			inputPaths = (
				"${PODS_PODFILE_DIR_PATH}/Podfile.lock",
				"${PODS_ROOT}/Manifest.lock",
			);
			name = "[CP] Check Pods Manifest.lock";
			outputPaths = (
				"$(DERIVED_FILE_DIR)/Pods-DemandDriver-Driver-checkManifestLockResult.txt",
			);
			runOnlyForDeploymentPostprocessing = 0;
			shellPath = /bin/sh;
			shellScript = "diff \"${PODS_PODFILE_DIR_PATH}/Podfile.lock\" \"${PODS_ROOT}/Manifest.lock\" > /dev/null\nif [ $? != 0 ] ; then\n    # print error to STDERR\n    echo \"error: The sandbox is not in sync with the Podfile.lock. Run 'pod install' or update your CocoaPods installation.\" >&2\n    exit 1\nfi\n# This output is used by Xcode 'outputs' to avoid re-running this script phase.\necho \"SUCCESS\" > \"${SCRIPT_OUTPUT_FILE_0}\"\n";
			showEnvVarsInLog = 0;
		};
		890CB4F3DBB431F7595BA1AE /* [CP] Embed Pods Frameworks */ = {
			isa = PBXShellScriptBuildPhase;
			buildActionMask = 2147483647;
			files = (
			);
			inputPaths = (
			);
			name = "[CP] Embed Pods Frameworks";
			outputPaths = (
			);
			runOnlyForDeploymentPostprocessing = 0;
			shellPath = /bin/sh;
			shellScript = "\"${SRCROOT}/Pods/Target Support Files/Pods-DemandDriver-DriverUITests/Pods-DemandDriver-DriverUITests-frameworks.sh\"\n";
			showEnvVarsInLog = 0;
		};
		95340ED4DE210B4BD8A982D3 /* [CP] Check Pods Manifest.lock */ = {
			isa = PBXShellScriptBuildPhase;
			buildActionMask = 2147483647;
			files = (
			);
			inputPaths = (
				"${PODS_PODFILE_DIR_PATH}/Podfile.lock",
				"${PODS_ROOT}/Manifest.lock",
			);
			name = "[CP] Check Pods Manifest.lock";
			outputPaths = (
				"$(DERIVED_FILE_DIR)/Pods-DemandDriver-DriverUITests-checkManifestLockResult.txt",
			);
			runOnlyForDeploymentPostprocessing = 0;
			shellPath = /bin/sh;
			shellScript = "diff \"${PODS_PODFILE_DIR_PATH}/Podfile.lock\" \"${PODS_ROOT}/Manifest.lock\" > /dev/null\nif [ $? != 0 ] ; then\n    # print error to STDERR\n    echo \"error: The sandbox is not in sync with the Podfile.lock. Run 'pod install' or update your CocoaPods installation.\" >&2\n    exit 1\nfi\n# This output is used by Xcode 'outputs' to avoid re-running this script phase.\necho \"SUCCESS\" > \"${SCRIPT_OUTPUT_FILE_0}\"\n";
			showEnvVarsInLog = 0;
		};
		A43D20CB078905D16E7C0568 /* [CP] Copy Pods Resources */ = {
			isa = PBXShellScriptBuildPhase;
			buildActionMask = 2147483647;
			files = (
			);
			inputPaths = (
				"${SRCROOT}/Pods/Target Support Files/Pods-DemandDriver-Driver/Pods-DemandDriver-Driver-resources.sh",
				$PODS_CONFIGURATION_BUILD_DIR/FirebaseUI/FirebaseAuthUI.bundle,
				$PODS_CONFIGURATION_BUILD_DIR/FirebaseUI/FirebasePhoneAuthUI.bundle,
				"${PODS_ROOT}/GoogleMaps/Maps/Frameworks/GoogleMaps.framework/Resources/GoogleMaps.bundle",
				"${PODS_ROOT}/GooglePlaces/Frameworks/GooglePlaces.framework/Resources/GooglePlaces.bundle",
			);
			name = "[CP] Copy Pods Resources";
			outputPaths = (
				"${TARGET_BUILD_DIR}/${UNLOCALIZED_RESOURCES_FOLDER_PATH}",
			);
			runOnlyForDeploymentPostprocessing = 0;
			shellPath = /bin/sh;
			shellScript = "\"${SRCROOT}/Pods/Target Support Files/Pods-DemandDriver-Driver/Pods-DemandDriver-Driver-resources.sh\"\n";
			showEnvVarsInLog = 0;
		};
		C0840B2E13DC1A0CBCA5BF1C /* [CP] Check Pods Manifest.lock */ = {
			isa = PBXShellScriptBuildPhase;
			buildActionMask = 2147483647;
			files = (
			);
			inputPaths = (
				"${PODS_PODFILE_DIR_PATH}/Podfile.lock",
				"${PODS_ROOT}/Manifest.lock",
			);
			name = "[CP] Check Pods Manifest.lock";
			outputPaths = (
				"$(DERIVED_FILE_DIR)/Pods-DemandDriver-DriverTests-checkManifestLockResult.txt",
			);
			runOnlyForDeploymentPostprocessing = 0;
			shellPath = /bin/sh;
			shellScript = "diff \"${PODS_PODFILE_DIR_PATH}/Podfile.lock\" \"${PODS_ROOT}/Manifest.lock\" > /dev/null\nif [ $? != 0 ] ; then\n    # print error to STDERR\n    echo \"error: The sandbox is not in sync with the Podfile.lock. Run 'pod install' or update your CocoaPods installation.\" >&2\n    exit 1\nfi\n# This output is used by Xcode 'outputs' to avoid re-running this script phase.\necho \"SUCCESS\" > \"${SCRIPT_OUTPUT_FILE_0}\"\n";
			showEnvVarsInLog = 0;
		};
		D5FDDFAF1A59A81C731ABE8A /* [CP] Embed Pods Frameworks */ = {
			isa = PBXShellScriptBuildPhase;
			buildActionMask = 2147483647;
			files = (
			);
			inputPaths = (
			);
			name = "[CP] Embed Pods Frameworks";
			outputPaths = (
			);
			runOnlyForDeploymentPostprocessing = 0;
			shellPath = /bin/sh;
			shellScript = "\"${SRCROOT}/Pods/Target Support Files/Pods-DemandDriver-DriverTests/Pods-DemandDriver-DriverTests-frameworks.sh\"\n";
			showEnvVarsInLog = 0;
		};
/* End PBXShellScriptBuildPhase section */

/* Begin PBXSourcesBuildPhase section */
		AEB31B8920636A2C007051D5 /* Sources */ = {
			isa = PBXSourcesBuildPhase;
			buildActionMask = 2147483647;
			files = (
				AE39F37620639F0900B49BDD /* NewLogin.swift in Sources */,
				AEB31B9320636A2C007051D5 /* ViewController.swift in Sources */,
				AEB31B9120636A2C007051D5 /* AppDelegate.swift in Sources */,
				AE39F3812063AE9800B49BDD /* Otp.swift in Sources */,
			);
			runOnlyForDeploymentPostprocessing = 0;
		};
		AEB31B9D20636A2C007051D5 /* Sources */ = {
			isa = PBXSourcesBuildPhase;
			buildActionMask = 2147483647;
			files = (
				AEB31BA620636A2C007051D5 /* DemandDriver_DriverTests.swift in Sources */,
			);
			runOnlyForDeploymentPostprocessing = 0;
		};
		AEB31BA820636A2C007051D5 /* Sources */ = {
			isa = PBXSourcesBuildPhase;
			buildActionMask = 2147483647;
			files = (
				AEB31BB120636A2C007051D5 /* DemandDriver_DriverUITests.swift in Sources */,
			);
			runOnlyForDeploymentPostprocessing = 0;
		};
/* End PBXSourcesBuildPhase section */

/* Begin PBXTargetDependency section */
		AEB31BA320636A2C007051D5 /* PBXTargetDependency */ = {
			isa = PBXTargetDependency;
			target = AEB31B8C20636A2C007051D5 /* DemandDriver-Driver */;
			targetProxy = AEB31BA220636A2C007051D5 /* PBXContainerItemProxy */;
		};
		AEB31BAE20636A2C007051D5 /* PBXTargetDependency */ = {
			isa = PBXTargetDependency;
			target = AEB31B8C20636A2C007051D5 /* DemandDriver-Driver */;
			targetProxy = AEB31BAD20636A2C007051D5 /* PBXContainerItemProxy */;
		};
/* End PBXTargetDependency section */

/* Begin PBXVariantGroup section */
		AEB31B9420636A2C007051D5 /* Main.storyboard */ = {
			isa = PBXVariantGroup;
			children = (
				AEB31B9520636A2C007051D5 /* Base */,
			);
			name = Main.storyboard;
			sourceTree = "<group>";
		};
		AEB31B9920636A2C007051D5 /* LaunchScreen.storyboard */ = {
			isa = PBXVariantGroup;
			children = (
				AEB31B9A20636A2C007051D5 /* Base */,
			);
			name = LaunchScreen.storyboard;
			sourceTree = "<group>";
		};
/* End PBXVariantGroup section */

/* Begin XCBuildConfiguration section */
		AEB31BB320636A2C007051D5 /* Debug */ = {
			isa = XCBuildConfiguration;
			buildSettings = {
				ALWAYS_SEARCH_USER_PATHS = NO;
				CLANG_ANALYZER_NONNULL = YES;
				CLANG_ANALYZER_NUMBER_OBJECT_CONVERSION = YES_AGGRESSIVE;
				CLANG_CXX_LANGUAGE_STANDARD = "gnu++14";
				CLANG_CXX_LIBRARY = "libc++";
				CLANG_ENABLE_MODULES = YES;
				CLANG_ENABLE_OBJC_ARC = YES;
				CLANG_WARN_BLOCK_CAPTURE_AUTORELEASING = YES;
				CLANG_WARN_BOOL_CONVERSION = YES;
				CLANG_WARN_COMMA = YES;
				CLANG_WARN_CONSTANT_CONVERSION = YES;
				CLANG_WARN_DIRECT_OBJC_ISA_USAGE = YES_ERROR;
				CLANG_WARN_DOCUMENTATION_COMMENTS = YES;
				CLANG_WARN_EMPTY_BODY = YES;
				CLANG_WARN_ENUM_CONVERSION = YES;
				CLANG_WARN_INFINITE_RECURSION = YES;
				CLANG_WARN_INT_CONVERSION = YES;
				CLANG_WARN_NON_LITERAL_NULL_CONVERSION = YES;
				CLANG_WARN_OBJC_LITERAL_CONVERSION = YES;
				CLANG_WARN_OBJC_ROOT_CLASS = YES_ERROR;
				CLANG_WARN_RANGE_LOOP_ANALYSIS = YES;
				CLANG_WARN_STRICT_PROTOTYPES = YES;
				CLANG_WARN_SUSPICIOUS_MOVE = YES;
				CLANG_WARN_UNGUARDED_AVAILABILITY = YES_AGGRESSIVE;
				CLANG_WARN_UNREACHABLE_CODE = YES;
				CLANG_WARN__DUPLICATE_METHOD_MATCH = YES;
				CODE_SIGN_IDENTITY = "iPhone Developer";
				COPY_PHASE_STRIP = NO;
				DEBUG_INFORMATION_FORMAT = dwarf;
				ENABLE_STRICT_OBJC_MSGSEND = YES;
				ENABLE_TESTABILITY = YES;
				GCC_C_LANGUAGE_STANDARD = gnu11;
				GCC_DYNAMIC_NO_PIC = NO;
				GCC_NO_COMMON_BLOCKS = YES;
				GCC_OPTIMIZATION_LEVEL = 0;
				GCC_PREPROCESSOR_DEFINITIONS = (
					"DEBUG=1",
					"$(inherited)",
				);
				GCC_WARN_64_TO_32_BIT_CONVERSION = YES;
				GCC_WARN_ABOUT_RETURN_TYPE = YES_ERROR;
				GCC_WARN_UNDECLARED_SELECTOR = YES;
				GCC_WARN_UNINITIALIZED_AUTOS = YES_AGGRESSIVE;
				GCC_WARN_UNUSED_FUNCTION = YES;
				GCC_WARN_UNUSED_VARIABLE = YES;
				IPHONEOS_DEPLOYMENT_TARGET = 11.2;
				MTL_ENABLE_DEBUG_INFO = YES;
				ONLY_ACTIVE_ARCH = YES;
				SDKROOT = iphoneos;
				SWIFT_ACTIVE_COMPILATION_CONDITIONS = DEBUG;
				SWIFT_OPTIMIZATION_LEVEL = "-Onone";
			};
			name = Debug;
		};
		AEB31BB420636A2C007051D5 /* Release */ = {
			isa = XCBuildConfiguration;
			buildSettings = {
				ALWAYS_SEARCH_USER_PATHS = NO;
				CLANG_ANALYZER_NONNULL = YES;
				CLANG_ANALYZER_NUMBER_OBJECT_CONVERSION = YES_AGGRESSIVE;
				CLANG_CXX_LANGUAGE_STANDARD = "gnu++14";
				CLANG_CXX_LIBRARY = "libc++";
				CLANG_ENABLE_MODULES = YES;
				CLANG_ENABLE_OBJC_ARC = YES;
				CLANG_WARN_BLOCK_CAPTURE_AUTORELEASING = YES;
				CLANG_WARN_BOOL_CONVERSION = YES;
				CLANG_WARN_COMMA = YES;
				CLANG_WARN_CONSTANT_CONVERSION = YES;
				CLANG_WARN_DIRECT_OBJC_ISA_USAGE = YES_ERROR;
				CLANG_WARN_DOCUMENTATION_COMMENTS = YES;
				CLANG_WARN_EMPTY_BODY = YES;
				CLANG_WARN_ENUM_CONVERSION = YES;
				CLANG_WARN_INFINITE_RECURSION = YES;
				CLANG_WARN_INT_CONVERSION = YES;
				CLANG_WARN_NON_LITERAL_NULL_CONVERSION = YES;
				CLANG_WARN_OBJC_LITERAL_CONVERSION = YES;
				CLANG_WARN_OBJC_ROOT_CLASS = YES_ERROR;
				CLANG_WARN_RANGE_LOOP_ANALYSIS = YES;
				CLANG_WARN_STRICT_PROTOTYPES = YES;
				CLANG_WARN_SUSPICIOUS_MOVE = YES;
				CLANG_WARN_UNGUARDED_AVAILABILITY = YES_AGGRESSIVE;
				CLANG_WARN_UNREACHABLE_CODE = YES;
				CLANG_WARN__DUPLICATE_METHOD_MATCH = YES;
				CODE_SIGN_IDENTITY = "iPhone Developer";
				COPY_PHASE_STRIP = NO;
				DEBUG_INFORMATION_FORMAT = "dwarf-with-dsym";
				ENABLE_NS_ASSERTIONS = NO;
				ENABLE_STRICT_OBJC_MSGSEND = YES;
				GCC_C_LANGUAGE_STANDARD = gnu11;
				GCC_NO_COMMON_BLOCKS = YES;
				GCC_WARN_64_TO_32_BIT_CONVERSION = YES;
				GCC_WARN_ABOUT_RETURN_TYPE = YES_ERROR;
				GCC_WARN_UNDECLARED_SELECTOR = YES;
				GCC_WARN_UNINITIALIZED_AUTOS = YES_AGGRESSIVE;
				GCC_WARN_UNUSED_FUNCTION = YES;
				GCC_WARN_UNUSED_VARIABLE = YES;
				IPHONEOS_DEPLOYMENT_TARGET = 11.2;
				MTL_ENABLE_DEBUG_INFO = NO;
				SDKROOT = iphoneos;
				SWIFT_OPTIMIZATION_LEVEL = "-Owholemodule";
				VALIDATE_PRODUCT = YES;
			};
			name = Release;
		};
		AEB31BB620636A2C007051D5 /* Debug */ = {
			isa = XCBuildConfiguration;
			baseConfigurationReference = 30B2F3370DE0DA248EAFBC75 /* Pods-DemandDriver-Driver.debug.xcconfig */;
			buildSettings = {
				ASSETCATALOG_COMPILER_APPICON_NAME = AppIcon;
				CODE_SIGN_ENTITLEMENTS = "DemandDriver-Driver/DemandDriver-Driver.entitlements";
				CODE_SIGN_STYLE = Automatic;
				DEVELOPMENT_TEAM = XSJRRDKMW9;
				INFOPLIST_FILE = "DemandDriver-Driver/Info.plist";
				LD_RUNPATH_SEARCH_PATHS = "$(inherited) @executable_path/Frameworks";
				PRODUCT_BUNDLE_IDENTIFIER = "com.cz.DD-Driver";
				PRODUCT_NAME = "$(TARGET_NAME)";
				SWIFT_VERSION = 4.0;
				TARGETED_DEVICE_FAMILY = "1,2";
			};
			name = Debug;
		};
		AEB31BB720636A2C007051D5 /* Release */ = {
			isa = XCBuildConfiguration;
			baseConfigurationReference = D48AE68A559B3983D2C4DA98 /* Pods-DemandDriver-Driver.release.xcconfig */;
			buildSettings = {
				ASSETCATALOG_COMPILER_APPICON_NAME = AppIcon;
				CODE_SIGN_ENTITLEMENTS = "DemandDriver-Driver/DemandDriver-Driver.entitlements";
				CODE_SIGN_STYLE = Automatic;
				DEVELOPMENT_TEAM = XSJRRDKMW9;
				INFOPLIST_FILE = "DemandDriver-Driver/Info.plist";
				LD_RUNPATH_SEARCH_PATHS = "$(inherited) @executable_path/Frameworks";
				PRODUCT_BUNDLE_IDENTIFIER = "com.cz.DD-Driver";
				PRODUCT_NAME = "$(TARGET_NAME)";
				SWIFT_VERSION = 4.0;
				TARGETED_DEVICE_FAMILY = "1,2";
			};
			name = Release;
		};
		AEB31BB920636A2C007051D5 /* Debug */ = {
			isa = XCBuildConfiguration;
			baseConfigurationReference = 794E3CD493ED0A692F8080A7 /* Pods-DemandDriver-DriverTests.debug.xcconfig */;
			buildSettings = {
				ALWAYS_EMBED_SWIFT_STANDARD_LIBRARIES = YES;
				BUNDLE_LOADER = "$(TEST_HOST)";
				CODE_SIGN_STYLE = Automatic;
				DEVELOPMENT_TEAM = XSJRRDKMW9;
				INFOPLIST_FILE = "DemandDriver-DriverTests/Info.plist";
				LD_RUNPATH_SEARCH_PATHS = "$(inherited) @executable_path/Frameworks @loader_path/Frameworks";
				PRODUCT_BUNDLE_IDENTIFIER = "com.czsm.DemandDriver-DriverTests";
				PRODUCT_NAME = "$(TARGET_NAME)";
				SWIFT_VERSION = 4.0;
				TARGETED_DEVICE_FAMILY = "1,2";
				TEST_HOST = "$(BUILT_PRODUCTS_DIR)/DemandDriver-Driver.app/DemandDriver-Driver";
			};
			name = Debug;
		};
		AEB31BBA20636A2C007051D5 /* Release */ = {
			isa = XCBuildConfiguration;
			baseConfigurationReference = C7E10E2E717A4EAE1288BEAE /* Pods-DemandDriver-DriverTests.release.xcconfig */;
			buildSettings = {
				ALWAYS_EMBED_SWIFT_STANDARD_LIBRARIES = YES;
				BUNDLE_LOADER = "$(TEST_HOST)";
				CODE_SIGN_STYLE = Automatic;
				DEVELOPMENT_TEAM = XSJRRDKMW9;
				INFOPLIST_FILE = "DemandDriver-DriverTests/Info.plist";
				LD_RUNPATH_SEARCH_PATHS = "$(inherited) @executable_path/Frameworks @loader_path/Frameworks";
				PRODUCT_BUNDLE_IDENTIFIER = "com.czsm.DemandDriver-DriverTests";
				PRODUCT_NAME = "$(TARGET_NAME)";
				SWIFT_VERSION = 4.0;
				TARGETED_DEVICE_FAMILY = "1,2";
				TEST_HOST = "$(BUILT_PRODUCTS_DIR)/DemandDriver-Driver.app/DemandDriver-Driver";
			};
			name = Release;
		};
		AEB31BBC20636A2C007051D5 /* Debug */ = {
			isa = XCBuildConfiguration;
			baseConfigurationReference = CA4B804BF83AAFB12564C6F9 /* Pods-DemandDriver-DriverUITests.debug.xcconfig */;
			buildSettings = {
				ALWAYS_EMBED_SWIFT_STANDARD_LIBRARIES = YES;
				CODE_SIGN_STYLE = Automatic;
				DEVELOPMENT_TEAM = XSJRRDKMW9;
				INFOPLIST_FILE = "DemandDriver-DriverUITests/Info.plist";
				LD_RUNPATH_SEARCH_PATHS = "$(inherited) @executable_path/Frameworks @loader_path/Frameworks";
				PRODUCT_BUNDLE_IDENTIFIER = "com.czsm.DemandDriver-DriverUITests";
				PRODUCT_NAME = "$(TARGET_NAME)";
				SWIFT_VERSION = 4.0;
				TARGETED_DEVICE_FAMILY = "1,2";
				TEST_TARGET_NAME = "DemandDriver-Driver";
			};
			name = Debug;
		};
		AEB31BBD20636A2C007051D5 /* Release */ = {
			isa = XCBuildConfiguration;
			baseConfigurationReference = 6F29186F20413945DA0D357E /* Pods-DemandDriver-DriverUITests.release.xcconfig */;
			buildSettings = {
				ALWAYS_EMBED_SWIFT_STANDARD_LIBRARIES = YES;
				CODE_SIGN_STYLE = Automatic;
				DEVELOPMENT_TEAM = XSJRRDKMW9;
				INFOPLIST_FILE = "DemandDriver-DriverUITests/Info.plist";
				LD_RUNPATH_SEARCH_PATHS = "$(inherited) @executable_path/Frameworks @loader_path/Frameworks";
				PRODUCT_BUNDLE_IDENTIFIER = "com.czsm.DemandDriver-DriverUITests";
				PRODUCT_NAME = "$(TARGET_NAME)";
				SWIFT_VERSION = 4.0;
				TARGETED_DEVICE_FAMILY = "1,2";
				TEST_TARGET_NAME = "DemandDriver-Driver";
			};
			name = Release;
		};
/* End XCBuildConfiguration section */

/* Begin XCConfigurationList section */
		AEB31B8820636A2B007051D5 /* Build configuration list for PBXProject "DemandDriver-Driver" */ = {
			isa = XCConfigurationList;
			buildConfigurations = (
				AEB31BB320636A2C007051D5 /* Debug */,
				AEB31BB420636A2C007051D5 /* Release */,
			);
			defaultConfigurationIsVisible = 0;
			defaultConfigurationName = Release;
		};
		AEB31BB520636A2C007051D5 /* Build configuration list for PBXNativeTarget "DemandDriver-Driver" */ = {
			isa = XCConfigurationList;
			buildConfigurations = (
				AEB31BB620636A2C007051D5 /* Debug */,
				AEB31BB720636A2C007051D5 /* Release */,
			);
			defaultConfigurationIsVisible = 0;
			defaultConfigurationName = Release;
		};
		AEB31BB820636A2C007051D5 /* Build configuration list for PBXNativeTarget "DemandDriver-DriverTests" */ = {
			isa = XCConfigurationList;
			buildConfigurations = (
				AEB31BB920636A2C007051D5 /* Debug */,
				AEB31BBA20636A2C007051D5 /* Release */,
			);
			defaultConfigurationIsVisible = 0;
			defaultConfigurationName = Release;
		};
		AEB31BBB20636A2C007051D5 /* Build configuration list for PBXNativeTarget "DemandDriver-DriverUITests" */ = {
			isa = XCConfigurationList;
			buildConfigurations = (
				AEB31BBC20636A2C007051D5 /* Debug */,
				AEB31BBD20636A2C007051D5 /* Release */,
			);
			defaultConfigurationIsVisible = 0;
			defaultConfigurationName = Release;
		};
/* End XCConfigurationList section */
	};
	rootObject = AEB31B8520636A2B007051D5 /* Project object */;
}
